// !$*UTF8*$!
{
	archiveVersion = 1;
	classes = {
	};
	objectVersion = 46;
	objects = {

/* Begin PBXBuildFile section */
		502952951ED165DF00A03456 /* AppDelegate.swift in Sources */ = {isa = PBXBuildFile; fileRef = 502952941ED165DF00A03456 /* AppDelegate.swift */; };
		502952971ED165DF00A03456 /* ViewController.swift in Sources */ = {isa = PBXBuildFile; fileRef = 502952961ED165DF00A03456 /* ViewController.swift */; };
		5029529A1ED165DF00A03456 /* Main.storyboard in Resources */ = {isa = PBXBuildFile; fileRef = 502952981ED165DF00A03456 /* Main.storyboard */; };
		5029529C1ED165DF00A03456 /* Assets.xcassets in Resources */ = {isa = PBXBuildFile; fileRef = 5029529B1ED165DF00A03456 /* Assets.xcassets */; };
		5029529F1ED165DF00A03456 /* LaunchScreen.storyboard in Resources */ = {isa = PBXBuildFile; fileRef = 5029529D1ED165DF00A03456 /* LaunchScreen.storyboard */; };
/* End PBXBuildFile section */

/* Begin PBXFileReference section */
		502952911ED165DF00A03456 /* SModules.app */ = {isa = PBXFileReference; explicitFileType = wrapper.application; includeInIndex = 0; path = SModules.app; sourceTree = BUILT_PRODUCTS_DIR; };
		502952941ED165DF00A03456 /* AppDelegate.swift */ = {isa = PBXFileReference; lastKnownFileType = sourcecode.swift; path = AppDelegate.swift; sourceTree = "<group>"; };
		502952961ED165DF00A03456 /* ViewController.swift */ = {isa = PBXFileReference; lastKnownFileType = sourcecode.swift; path = ViewController.swift; sourceTree = "<group>"; };
		502952991ED165DF00A03456 /* Base */ = {isa = PBXFileReference; lastKnownFileType = file.storyboard; name = Base; path = Base.lproj/Main.storyboard; sourceTree = "<group>"; };
		5029529B1ED165DF00A03456 /* Assets.xcassets */ = {isa = PBXFileReference; lastKnownFileType = folder.assetcatalog; path = Assets.xcassets; sourceTree = "<group>"; };
		5029529E1ED165DF00A03456 /* Base */ = {isa = PBXFileReference; lastKnownFileType = file.storyboard; name = Base; path = Base.lproj/LaunchScreen.storyboard; sourceTree = "<group>"; };
		502952A01ED165DF00A03456 /* Info.plist */ = {isa = PBXFileReference; lastKnownFileType = text.plist.xml; path = Info.plist; sourceTree = "<group>"; };
/* End PBXFileReference section */

/* Begin PBXFrameworksBuildPhase section */
		5029528E1ED165DF00A03456 /* Frameworks */ = {
			isa = PBXFrameworksBuildPhase;
			buildActionMask = 2147483647;
			files = (
			);
			runOnlyForDeploymentPostprocessing = 0;
		};
/* End PBXFrameworksBuildPhase section */

/* Begin PBXGroup section */
		502952881ED165DF00A03456 = {
			isa = PBXGroup;
			children = (
				502952931ED165DF00A03456 /* SModules */,
				502952921ED165DF00A03456 /* Products */,
			);
			sourceTree = "<group>";
		};
		502952921ED165DF00A03456 /* Products */ = {
			isa = PBXGroup;
			children = (
				502952911ED165DF00A03456 /* SModules.app */,
			);
			name = Products;
			sourceTree = "<group>";
		};
		502952931ED165DF00A03456 /* SModules */ = {
			isa = PBXGroup;
			children = (
				502952941ED165DF00A03456 /* AppDelegate.swift */,
				502952961ED165DF00A03456 /* ViewController.swift */,
				502952981ED165DF00A03456 /* Main.storyboard */,
				5029529B1ED165DF00A03456 /* Assets.xcassets */,
				5029529D1ED165DF00A03456 /* LaunchScreen.storyboard */,
				502952A01ED165DF00A03456 /* Info.plist */,
			);
			path = SModules;
			sourceTree = "<group>";
		};
/* End PBXGroup section */

/* Begin PBXNativeTarget section */
		502952901ED165DF00A03456 /* SModules */ = {
			isa = PBXNativeTarget;
			buildConfigurationList = 502952A31ED165DF00A03456 /* Build configuration list for PBXNativeTarget "SModules" */;
			buildPhases = (
				5029528D1ED165DF00A03456 /* Sources */,
				5029528E1ED165DF00A03456 /* Frameworks */,
				5029528F1ED165DF00A03456 /* Resources */,
			);
			buildRules = (
			);
			dependencies = (
			);
			name = SModules;
			productName = SModules;
			productReference = 502952911ED165DF00A03456 /* SModules.app */;
			productType = "com.apple.product-type.application";
		};
/* End PBXNativeTarget section */

/* Begin PBXProject section */
		502952891ED165DF00A03456 /* Project object */ = {
			isa = PBXProject;
			attributes = {
				LastSwiftUpdateCheck = 0820;
				LastUpgradeCheck = 0820;
				ORGANIZATIONNAME = "Suresh Kansujiya";
				TargetAttributes = {
					502952901ED165DF00A03456 = {
						CreatedOnToolsVersion = 8.2.1;
						ProvisioningStyle = Automatic;
					};
				};
			};
			buildConfigurationList = 5029528C1ED165DF00A03456 /* Build configuration list for PBXProject "SModules" */;
			compatibilityVersion = "Xcode 3.2";
			developmentRegion = English;
			hasScannedForEncodings = 0;
			knownRegions = (
				en,
				Base,
			);
			mainGroup = 502952881ED165DF00A03456;
			productRefGroup = 502952921ED165DF00A03456 /* Products */;
			projectDirPath = "";
			projectRoot = "";
			targets = (
				502952901ED165DF00A03456 /* SModules */,
			);
		};
/* End PBXProject section */

/* Begin PBXResourcesBuildPhase section */
		5029528F1ED165DF00A03456 /* Resources */ = {
			isa = PBXResourcesBuildPhase;
			buildActionMask = 2147483647;
			files = (
				5029529F1ED165DF00A03456 /* LaunchScreen.storyboard in Resources */,
				5029529C1ED165DF00A03456 /* Assets.xcassets in Resources */,
				5029529A1ED165DF00A03456 /* Main.storyboard in Resources */,
			);
			runOnlyForDeploymentPostprocessing = 0;
		};
/* End PBXResourcesBuildPhase section */

/* Begin PBXSourcesBuildPhase section */
		5029528D1ED165DF00A03456 /* Sources */ = {
			isa = PBXSourcesBuildPhase;
			buildActionMask = 2147483647;
			files = (
				502952971ED165DF00A03456 /* ViewController.swift in Sources */,
				502952951ED165DF00A03456 /* AppDelegate.swift in Sources */,
			);
			runOnlyForDeploymentPostprocessing = 0;
		};
/* End PBXSourcesBuildPhase section */

/* Begin PBXVariantGroup section */
		502952981ED165DF00A03456 /* Main.storyboard */ = {
			isa = PBXVariantGroup;
			children = (
				502952991ED165DF00A03456 /* Base */,
			);
			name = Main.storyboard;
			sourceTree = "<group>";
		};
		5029529D1ED165DF00A03456 /* LaunchScreen.storyboard */ = {
			isa = PBXVariantGroup;
			children = (
				5029529E1ED165DF00A03456 /* Base */,
			);
			name = LaunchScreen.storyboard;
			sourceTree = "<group>";
		};
/* End PBXVariantGroup section */

/* Begin XCBuildConfiguration section */
		502952A11ED165DF00A03456 /* Debug */ = {
			isa = XCBuildConfiguration;
			buildSettings = {
				ALWAYS_SEARCH_USER_PATHS = NO;
				CLANG_ANALYZER_NONNULL = YES;
				CLANG_CXX_LANGUAGE_STANDARD = "gnu++0x";
				CLANG_CXX_LIBRARY = "libc++";
				CLANG_ENABLE_MODULES = YES;
				CLANG_ENABLE_OBJC_ARC = YES;
				CLANG_WARN_BOOL_CONVERSION = YES;
				CLANG_WARN_CONSTANT_CONVERSION = YES;
				CLANG_WARN_DIRECT_OBJC_ISA_USAGE = YES_ERROR;
				CLANG_WARN_DOCUMENTATION_COMMENTS = YES;
				CLANG_WARN_EMPTY_BODY = YES;
				CLANG_WARN_ENUM_CONVERSION = YES;
				CLANG_WARN_INFINITE_RECURSION = YES;
				CLANG_WARN_INT_CONVERSION = YES;
				CLANG_WARN_OBJC_ROOT_CLASS = YES_ERROR;
				CLANG_WARN_SUSPICIOUS_MOVE = YES;
				CLANG_WARN_UNREACHABLE_CODE = YES;
				CLANG_WARN__DUPLICATE_METHOD_MATCH = YES;
				"CODE_SIGN_IDENTITY[sdk=iphoneos*]" = "iPhone Developer";
				COPY_PHASE_STRIP = NO;
				DEBUG_INFORMATION_FORMAT = dwarf;
				ENABLE_STRICT_OBJC_MSGSEND = YES;
				ENABLE_TESTABILITY = YES;
				GCC_C_LANGUAGE_STANDARD = gnu99;
				GCC_DYNAMIC_NO_PIC = NO;
				GCC_NO_COMMON_BLOCKS = YES;
				GCC_OPTIMIZATION_LEVEL = 0;
				GCC_PREPROCESSOR_DEFINITIONS = (
					"DEBUG=1",
					"$(inherited)",
				);
				GCC_WARN_64_TO_32_BIT_CONVERSION = YES;
				GCC_WARN_ABOUT_RETURN_TYPE = YES_ERROR;
				GCC_WARN_UNDECLARED_SELECTOR = YES;
				GCC_WARN_UNINITIALIZED_AUTOS = YES_AGGRESSIVE;
				GCC_WARN_UNUSED_FUNCTION = YES;
				GCC_WARN_UNUSED_VARIABLE = YES;
				IPHONEOS_DEPLOYMENT_TARGET = 10.2;
				MTL_ENABLE_DEBUG_INFO = YES;
				ONLY_ACTIVE_ARCH = YES;
				SDKROOT = iphoneos;
				SWIFT_ACTIVE_COMPILATION_CONDITIONS = DEBUG;
				SWIFT_OPTIMIZATION_LEVEL = "-Onone";
			};
			name = Debug;
		};
		502952A21ED165DF00A03456 /* Release */ = {
			isa = XCBuildConfiguration;
			buildSettings = {
				ALWAYS_SEARCH_USER_PATHS = NO;
				CLANG_ANALYZER_NONNULL = YES;
				CLANG_CXX_LANGUAGE_STANDARD = "gnu++0x";
				CLANG_CXX_LIBRARY = "libc++";
				CLANG_ENABLE_MODULES = YES;
				CLANG_ENABLE_OBJC_ARC = YES;
				CLANG_WARN_BOOL_CONVERSION = YES;
				CLANG_WARN_CONSTANT_CONVERSION = YES;
				CLANG_WARN_DIRECT_OBJC_ISA_USAGE = YES_ERROR;
				CLANG_WARN_DOCUMENTATION_COMMENTS = YES;
				CLANG_WARN_EMPTY_BODY = YES;
				CLANG_WARN_ENUM_CONVERSION = YES;
				CLANG_WARN_INFINITE_RECURSION = YES;
				CLANG_WARN_INT_CONVERSION = YES;
				CLANG_WARN_OBJC_ROOT_CLASS = YES_ERROR;
				CLANG_WARN_SUSPICIOUS_MOVE = YES;
				CLANG_WARN_UNREACHABLE_CODE = YES;
				CLANG_WARN__DUPLICATE_METHOD_MATCH = YES;
				"CODE_SIGN_IDENTITY[sdk=iphoneos*]" = "iPhone Developer";
				COPY_PHASE_STRIP = NO;
				DEBUG_INFORMATION_FORMAT = "dwarf-with-dsym";
				ENABLE_NS_ASSERTIONS = NO;
				ENABLE_STRICT_OBJC_MSGSEND = YES;
				GCC_C_LANGUAGE_STANDARD = gnu99;
				GCC_NO_COMMON_BLOCKS = YES;
				GCC_WARN_64_TO_32_BIT_CONVERSION = YES;
				GCC_WARN_ABOUT_RETURN_TYPE = YES_ERROR;
				GCC_WARN_UNDECLARED_SELECTOR = YES;
				GCC_WARN_UNINITIALIZED_AUTOS = YES_AGGRESSIVE;
				GCC_WARN_UNUSED_FUNCTION = YES;
				GCC_WARN_UNUSED_VARIABLE = YES;
				IPHONEOS_DEPLOYMENT_TARGET = 10.2;
				MTL_ENABLE_DEBUG_INFO = NO;
				SDKROOT = iphoneos;
				SWIFT_OPTIMIZATION_LEVEL = "-Owholemodule";
				VALIDATE_PRODUCT = YES;
			};
			name = Release;
		};
		502952A41ED165DF00A03456 /* Debug */ = {
			isa = XCBuildConfiguration;
			buildSettings = {
				ASSETCATALOG_COMPILER_APPICON_NAME = AppIcon;
				INFOPLIST_FILE = SModules/Info.plist;
				LD_RUNPATH_SEARCH_PATHS = "$(inherited) @executable_path/Frameworks";
				PRODUCT_BUNDLE_IDENTIFIER = com.coredata.SModules;
				PRODUCT_NAME = "$(TARGET_NAME)";
				SWIFT_VERSION = 3.0;
			};
			name = Debug;
		};
		502952A51ED165DF00A03456 /* Release */ = {
			isa = XCBuildConfiguration;
			buildSettings = {
				ASSETCATALOG_COMPILER_APPICON_NAME = AppIcon;
				INFOPLIST_FILE = SModules/Info.plist;
				LD_RUNPATH_SEARCH_PATHS = "$(inherited) @executable_path/Frameworks";
				PRODUCT_BUNDLE_IDENTIFIER = com.coredata.SModules;
				PRODUCT_NAME = "$(TARGET_NAME)";
				SWIFT_VERSION = 3.0;
			};
			name = Release;
		};
/* End XCBuildConfiguration section */

/* Begin XCConfigurationList section */
		5029528C1ED165DF00A03456 /* Build configuration list for PBXProject "SModules" */ = {
			isa = XCConfigurationList;
			buildConfigurations = (
				502952A11ED165DF00A03456 /* Debug */,
				502952A21ED165DF00A03456 /* Release */,
			);
			defaultConfigurationIsVisible = 0;
			defaultConfigurationName = Release;
		};
		502952A31ED165DF00A03456 /* Build configuration list for PBXNativeTarget "SModules" */ = {
			isa = XCConfigurationList;
			buildConfigurations = (
				502952A41ED165DF00A03456 /* Debug */,
				502952A51ED165DF00A03456 /* Release */,
			);
			defaultConfigurationIsVisible = 0;
		};
/* End XCConfigurationList section */
	};
	rootObject = 502952891ED165DF00A03456 /* Project object */;
}
